
Microsoft Visual Studio Solution File, Format Version 12.00
# Visual Studio Version 16
VisualStudioVersion = 16.0.29721.120
MinimumVisualStudioVersion = 10.0.40219.1
Project("{FAE04EC0-301F-11D3-BF4B-00C04F79EFBC}") = "blazorWebassembly3.2Preview1.Server", "blazorWebassembly3.2Preview1\Server\blazorWebassembly3.2Preview1.Server.csproj", "{2B357DC0-3559-4C81-8823-37955A97722A}"
EndProject
Project("{FAE04EC0-301F-11D3-BF4B-00C04F79EFBC}") = "blazorWebassembly3.2Preview1.Client", "blazorWebassembly3.2Preview1\Client\blazorWebassembly3.2Preview1.Client.csproj", "{19CEA4DD-8D98-42C6-99B8-586F3DB5C499}"
EndProject
Project("{FAE04EC0-301F-11D3-BF4B-00C04F79EFBC}") = "blazorWebassembly3.2Preview1.Shared", "blazorWebassembly3.2Preview1\Shared\blazorWebassembly3.2Preview1.Shared.csproj", "{32D451BF-6290-4ECE-9293-6437F6CCC7AA}"
EndProject
Global
	GlobalSection(SolutionConfigurationPlatforms) = preSolution
		Debug|Any CPU = Debug|Any CPU
		Release|Any CPU = Release|Any CPU
	EndGlobalSection
	GlobalSection(ProjectConfigurationPlatforms) = postSolution
		{2B357DC0-3559-4C81-8823-37955A97722A}.Debug|Any CPU.ActiveCfg = Debug|Any CPU
		{2B357DC0-3559-4C81-8823-37955A97722A}.Debug|Any CPU.Build.0 = Debug|Any CPU
		{2B357DC0-3559-4C81-8823-37955A97722A}.Release|Any CPU.ActiveCfg = Release|Any CPU
		{2B357DC0-3559-4C81-8823-37955A97722A}.Release|Any CPU.Build.0 = Release|Any CPU
		{19CEA4DD-8D98-42C6-99B8-586F3DB5C499}.Debug|Any CPU.ActiveCfg = Debug|Any CPU
		{19CEA4DD-8D98-42C6-99B8-586F3DB5C499}.Debug|Any CPU.Build.0 = Debug|Any CPU
		{19CEA4DD-8D98-42C6-99B8-586F3DB5C499}.Release|Any CPU.ActiveCfg = Release|Any CPU
		{19CEA4DD-8D98-42C6-99B8-586F3DB5C499}.Release|Any CPU.Build.0 = Release|Any CPU
		{32D451BF-6290-4ECE-9293-6437F6CCC7AA}.Debug|Any CPU.ActiveCfg = Debug|Any CPU
		{32D451BF-6290-4ECE-9293-6437F6CCC7AA}.Debug|Any CPU.Build.0 = Debug|Any CPU
		{32D451BF-6290-4ECE-9293-6437F6CCC7AA}.Release|Any CPU.ActiveCfg = Release|Any CPU
		{32D451BF-6290-4ECE-9293-6437F6CCC7AA}.Release|Any CPU.Build.0 = Release|Any CPU
	EndGlobalSection
	GlobalSection(SolutionProperties) = preSolution
		HideSolutionNode = FALSE
	EndGlobalSection
	GlobalSection(ExtensibilityGlobals) = postSolution
		SolutionGuid = {20992893-5C4B-448D-8E34-A7FFFBED5BF4}
	EndGlobalSection
EndGlobal
